{
  "version": "5",
  "specifiers": {
    "jsr:@core/errorutil@^1.2.1": "1.2.1",
    "jsr:@core/unknownutil@4": "4.3.0",
    "jsr:@core/unknownutil@^4.3.0": "4.3.0",
    "jsr:@cspotcode/outdent@0.8": "0.8.0",
    "jsr:@lambdalisue/sandbox@^3.0.1": "3.0.1",
    "jsr:@logtape/logtape@^1.3.5": "1.3.5",
    "jsr:@logtape/pretty@^1.3.5": "1.3.5",
    "jsr:@probitas/core@0.2": "0.2.0",
    "jsr:@probitas/discover@~0.3.2": "0.3.2",
    "jsr:@probitas/expect@0.3": "0.3.0",
    "jsr:@probitas/logger@0.3": "0.3.0",
    "jsr:@probitas/reporter@0.6": "0.6.0",
    "jsr:@probitas/runner@0.4": "0.4.0",
    "jsr:@std/assert@^1.0.14": "1.0.16",
    "jsr:@std/assert@^1.0.15": "1.0.16",
    "jsr:@std/assert@^1.0.16": "1.0.16",
    "jsr:@std/async@^1.0.15": "1.0.15",
    "jsr:@std/cli@^1.0.24": "1.0.24",
    "jsr:@std/collections@^1.1.3": "1.1.3",
    "jsr:@std/data-structures@^1.0.9": "1.0.9",
    "jsr:@std/expect@^1.0.17": "1.0.17",
    "jsr:@std/fmt@^1.0.8": "1.0.8",
    "jsr:@std/fs@^1.0.19": "1.0.20",
    "jsr:@std/fs@^1.0.20": "1.0.20",
    "jsr:@std/internal@^1.0.10": "1.0.12",
    "jsr:@std/internal@^1.0.12": "1.0.12",
    "jsr:@std/json@^1.0.2": "1.0.2",
    "jsr:@std/jsonc@^1.0.2": "1.0.2",
    "jsr:@std/path@1": "1.1.3",
    "jsr:@std/path@^1.1.2": "1.1.3",
    "jsr:@std/path@^1.1.3": "1.1.3",
    "jsr:@std/testing@^1.0.16": "1.0.16",
    "npm:diff@^8.0.2": "8.0.2"
  },
  "jsr": {
    "@core/errorutil@1.2.1": {
      "integrity": "4c9efee56ebc403be3b0839093443a695b92bec06223b18147d51c185d4857e6",
      "dependencies": [
        "jsr:@core/unknownutil@4"
      ]
    },
    "@core/unknownutil@4.3.0": {
      "integrity": "538a3687ffa81028e91d148818047df219663d0da671d906cecd165581ae55cc"
    },
    "@cspotcode/outdent@0.8.0": {
      "integrity": "bbb3dea1443b4191a091644dfeaf3f182cca83e9003d211c50786c21792695f6"
    },
    "@lambdalisue/sandbox@3.0.1": {
      "integrity": "0735e8b101daccf673543d2cd77074900fcc5f63eb2306f52ca09539463bcac8",
      "dependencies": [
        "jsr:@std/path@1"
      ]
    },
    "@logtape/logtape@1.3.5": {
      "integrity": "a5cdb130daf1a9d384006b0f850cc4443bfc2e163dadc6fa667875e79770beb3"
    },
    "@logtape/pretty@1.3.5": {
      "integrity": "5654c095ef5126cb6fdd7ab24f84de5d037b6093bd7495b64e037e5b3f3b1f13",
      "dependencies": [
        "jsr:@logtape/logtape"
      ]
    },
    "@probitas/core@0.2.0": {
      "integrity": "a0bbe9ffa84b9da24a6a49d13f41d77a6add3e627e5893701e2bba43379d3eed",
      "dependencies": [
        "jsr:@probitas/logger",
        "jsr:@std/fmt",
        "jsr:@std/path@^1.1.3"
      ]
    },
    "@probitas/discover@0.3.2": {
      "integrity": "6328fe6b3af993c251e7511d819a82e40f46e6a0efd62b161c5e8fb3e0b2fa0b",
      "dependencies": [
        "jsr:@probitas/logger",
        "jsr:@std/fs@^1.0.20",
        "jsr:@std/path@^1.1.3"
      ]
    },
    "@probitas/expect@0.3.0": {
      "integrity": "edb9873b543e2a99abcf34b59fe7be794e844539b2cb2e15d5db2b92660ab702",
      "dependencies": [
        "jsr:@core/errorutil",
        "jsr:@probitas/core",
        "jsr:@std/expect",
        "npm:diff"
      ]
    },
    "@probitas/logger@0.3.0": {
      "integrity": "7e6d2a282beb1eff54d9d89cad3c50cc4998ff775a0aeba1b425bd160e628bf2",
      "dependencies": [
        "jsr:@logtape/logtape",
        "jsr:@logtape/pretty"
      ]
    },
    "@probitas/reporter@0.6.0": {
      "integrity": "11a45ea3061a07f508b41f4f1530bbfaf6c46df2452d34dfb454f7a0b6a97cca",
      "dependencies": [
        "jsr:@probitas/core",
        "jsr:@probitas/expect",
        "jsr:@probitas/logger"
      ]
    },
    "@probitas/runner@0.4.0": {
      "integrity": "1ab761b78412810d447ac171af138a34d4515c3955fa004cf1ffd74568d1a583",
      "dependencies": [
        "jsr:@std/async",
        "jsr:@std/collections"
      ]
    },
    "@std/assert@1.0.16": {
      "integrity": "6a7272ed1eaa77defe76e5ff63ca705d9c495077e2d5fd0126d2b53fc5bd6532",
      "dependencies": [
        "jsr:@std/internal@^1.0.12"
      ]
    },
    "@std/async@1.0.15": {
      "integrity": "55d1d9d04f99403fe5730ab16bdcc3c47f658a6bf054cafb38a50f046238116e"
    },
    "@std/cli@1.0.24": {
      "integrity": "b655a5beb26aa94f98add6bc8889f5fb9bc3ee2cc3fc954e151201f4c4200a5e",
      "dependencies": [
        "jsr:@std/internal@^1.0.12"
      ]
    },
    "@std/collections@1.1.3": {
      "integrity": "bf8b0818886df6a32b64c7d3b037a425111f28278d69fd0995aeb62777c986b0"
    },
    "@std/data-structures@1.0.9": {
      "integrity": "033d6e17e64bf1f84a614e647c1b015fa2576ae3312305821e1a4cb20674bb4d"
    },
    "@std/expect@1.0.17": {
      "integrity": "316b47dd65c33e3151344eb3267bf42efba17d1415425f07ed96185d67fc04d9",
      "dependencies": [
        "jsr:@std/assert@^1.0.14",
        "jsr:@std/internal@^1.0.10"
      ]
    },
    "@std/fmt@1.0.8": {
      "integrity": "71e1fc498787e4434d213647a6e43e794af4fd393ef8f52062246e06f7e372b7"
    },
    "@std/fs@1.0.20": {
      "integrity": "e953206aae48d46ee65e8783ded459f23bec7dd1f3879512911c35e5484ea187",
      "dependencies": [
        "jsr:@std/internal@^1.0.12",
        "jsr:@std/path@^1.1.3"
      ]
    },
    "@std/internal@1.0.12": {
      "integrity": "972a634fd5bc34b242024402972cd5143eac68d8dffaca5eaa4dba30ce17b027"
    },
    "@std/json@1.0.2": {
      "integrity": "d9e5497801c15fb679f55a2c01c7794ad7a5dfda4dd1bebab5e409cb5e0d34d4"
    },
    "@std/jsonc@1.0.2": {
      "integrity": "909605dae3af22bd75b1cbda8d64a32cf1fd2cf6efa3f9e224aba6d22c0f44c7",
      "dependencies": [
        "jsr:@std/json"
      ]
    },
    "@std/path@1.1.3": {
      "integrity": "b015962d82a5e6daea980c32b82d2c40142149639968549c649031a230b1afb3",
      "dependencies": [
        "jsr:@std/internal@^1.0.12"
      ]
    },
    "@std/testing@1.0.16": {
      "integrity": "a917ffdeb5924c9be436dc78bc32e511760e14d3a96e49c607fc5ecca86d0092",
      "dependencies": [
        "jsr:@std/assert@^1.0.15",
        "jsr:@std/data-structures",
        "jsr:@std/fs@^1.0.19",
        "jsr:@std/internal@^1.0.12",
        "jsr:@std/path@^1.1.2"
      ]
    }
  },
  "npm": {
    "diff@8.0.2": {
      "integrity": "sha512-sSuxWU5j5SR9QQji/o2qMvqRNYRDOcBTgsJ/DeCf4iSN4gW+gNMXM7wFIP+fdXZxoNiAnHUTGjCr+TSWXdRDKg=="
    }
  },
  "workspace": {
    "dependencies": [
      "jsr:@core/errorutil@^1.2.1",
      "jsr:@core/unknownutil@^4.3.0",
      "jsr:@cspotcode/outdent@0.8",
      "jsr:@lambdalisue/sandbox@^3.0.1",
      "jsr:@probitas/core@0.2",
      "jsr:@probitas/discover@~0.3.2",
      "jsr:@probitas/logger@0.3",
      "jsr:@probitas/reporter@0.6",
      "jsr:@probitas/runner@0.4",
      "jsr:@std/assert@^1.0.16",
      "jsr:@std/cli@^1.0.24",
      "jsr:@std/collections@^1.1.3",
      "jsr:@std/fs@^1.0.20",
      "jsr:@std/jsonc@^1.0.2",
      "jsr:@std/path@^1.1.3",
      "jsr:@std/testing@^1.0.16"
    ]
  }
}
